
Microsoft Visual Studio Solution File, Format Version 12.00
# Visual Studio Version 17
VisualStudioVersion = 17.8.34112.27
MinimumVisualStudioVersion = 10.0.40219.1
Project("{FAE04EC0-301F-11D3-BF4B-00C04F79EFBC}") = "dz10", "dz10\dz10.csproj", "{E6CC0F5A-7D94-4FF5-B344-5927C26EDE82}"
EndProject
Project("{FAE04EC0-301F-11D3-BF4B-00C04F79EFBC}") = "tumakov12", "tumakov12\tumakov12.csproj", "{3A48162B-0DF7-4913-81EF-CB773FAEC507}"
EndProject
Global
	GlobalSection(SolutionConfigurationPlatforms) = preSolution
		Debug|Any CPU = Debug|Any CPU
		Release|Any CPU = Release|Any CPU
	EndGlobalSection
	GlobalSection(ProjectConfigurationPlatforms) = postSolution
		{E6CC0F5A-7D94-4FF5-B344-5927C26EDE82}.Debug|Any CPU.ActiveCfg = Debug|Any CPU
		{E6CC0F5A-7D94-4FF5-B344-5927C26EDE82}.Debug|Any CPU.Build.0 = Debug|Any CPU
		{E6CC0F5A-7D94-4FF5-B344-5927C26EDE82}.Release|Any CPU.ActiveCfg = Release|Any CPU
		{E6CC0F5A-7D94-4FF5-B344-5927C26EDE82}.Release|Any CPU.Build.0 = Release|Any CPU
		{3A48162B-0DF7-4913-81EF-CB773FAEC507}.Debug|Any CPU.ActiveCfg = Debug|Any CPU
		{3A48162B-0DF7-4913-81EF-CB773FAEC507}.Debug|Any CPU.Build.0 = Debug|Any CPU
		{3A48162B-0DF7-4913-81EF-CB773FAEC507}.Release|Any CPU.ActiveCfg = Release|Any CPU
		{3A48162B-0DF7-4913-81EF-CB773FAEC507}.Release|Any CPU.Build.0 = Release|Any CPU
	EndGlobalSection
	GlobalSection(SolutionProperties) = preSolution
		HideSolutionNode = FALSE
	EndGlobalSection
	GlobalSection(ExtensibilityGlobals) = postSolution
		SolutionGuid = {05FB869B-F8C7-4864-98E4-09D234CC1DF1}
	EndGlobalSection
EndGlobal
